
Microsoft Visual Studio Solution File, Format Version 12.00
# Visual Studio Version 16
VisualStudioVersion = 16.0.30413.136
MinimumVisualStudioVersion = 10.0.40219.1
Project("{FAE04EC0-301F-11D3-BF4B-00C04F79EFBC}") = "Api", "Api\Api.csproj", "{1866F706-353A-434C-8A2B-0EA4BC74449B}"
EndProject
Project("{FAE04EC0-301F-11D3-BF4B-00C04F79EFBC}") = "Core", "Core\Core.csproj", "{25458566-6ED5-47A5-B6B9-31653F80D86A}"
EndProject
Project("{FAE04EC0-301F-11D3-BF4B-00C04F79EFBC}") = "Data", "Data\Data.csproj", "{BACCA53F-C440-4DF5-B1D0-DD11BD30E4AF}"
EndProject
Project("{FAE04EC0-301F-11D3-BF4B-00C04F79EFBC}") = "Test", "Test\Test.csproj", "{BF78B32E-90E9-4AD8-9D43-59DA1AC827C3}"
EndProject
Global
	GlobalSection(SolutionConfigurationPlatforms) = preSolution
		Debug|Any CPU = Debug|Any CPU
		Release|Any CPU = Release|Any CPU
	EndGlobalSection
	GlobalSection(ProjectConfigurationPlatforms) = postSolution
		{1866F706-353A-434C-8A2B-0EA4BC74449B}.Debug|Any CPU.ActiveCfg = Debug|Any CPU
		{1866F706-353A-434C-8A2B-0EA4BC74449B}.Debug|Any CPU.Build.0 = Debug|Any CPU
		{1866F706-353A-434C-8A2B-0EA4BC74449B}.Release|Any CPU.ActiveCfg = Release|Any CPU
		{1866F706-353A-434C-8A2B-0EA4BC74449B}.Release|Any CPU.Build.0 = Release|Any CPU
		{25458566-6ED5-47A5-B6B9-31653F80D86A}.Debug|Any CPU.ActiveCfg = Debug|Any CPU
		{25458566-6ED5-47A5-B6B9-31653F80D86A}.Debug|Any CPU.Build.0 = Debug|Any CPU
		{25458566-6ED5-47A5-B6B9-31653F80D86A}.Release|Any CPU.ActiveCfg = Release|Any CPU
		{25458566-6ED5-47A5-B6B9-31653F80D86A}.Release|Any CPU.Build.0 = Release|Any CPU
		{BACCA53F-C440-4DF5-B1D0-DD11BD30E4AF}.Debug|Any CPU.ActiveCfg = Debug|Any CPU
		{BACCA53F-C440-4DF5-B1D0-DD11BD30E4AF}.Debug|Any CPU.Build.0 = Debug|Any CPU
		{BACCA53F-C440-4DF5-B1D0-DD11BD30E4AF}.Release|Any CPU.ActiveCfg = Release|Any CPU
		{BACCA53F-C440-4DF5-B1D0-DD11BD30E4AF}.Release|Any CPU.Build.0 = Release|Any CPU
		{BF78B32E-90E9-4AD8-9D43-59DA1AC827C3}.Debug|Any CPU.ActiveCfg = Debug|Any CPU
		{BF78B32E-90E9-4AD8-9D43-59DA1AC827C3}.Debug|Any CPU.Build.0 = Debug|Any CPU
		{BF78B32E-90E9-4AD8-9D43-59DA1AC827C3}.Release|Any CPU.ActiveCfg = Release|Any CPU
		{BF78B32E-90E9-4AD8-9D43-59DA1AC827C3}.Release|Any CPU.Build.0 = Release|Any CPU
	EndGlobalSection
	GlobalSection(SolutionProperties) = preSolution
		HideSolutionNode = FALSE
	EndGlobalSection
	GlobalSection(ExtensibilityGlobals) = postSolution
		SolutionGuid = {1AA57671-ACF7-42CF-B10B-ACB50356A9D8}
	EndGlobalSection
EndGlobal
